
Microsoft Visual Studio Solution File, Format Version 12.00
# TcXaeShell Solution File, Format Version 11.00
VisualStudioVersion = 15.0.33403.129
MinimumVisualStudioVersion = 10.0.40219.1
Project("{FE7A1B72-C5B7-4D7C-BB7D-76384D4DE8E1}") = "Hadzsime", "Hadzsime\Hadzsime.hmiproj", "{6D29230E-7542-4D31-991B-FBD93EFC5B1A}"
EndProject
Global
	GlobalSection(SolutionConfigurationPlatforms) = preSolution
		Debug|TwinCAT HMI = Debug|TwinCAT HMI
		Release|TwinCAT HMI = Release|TwinCAT HMI
	EndGlobalSection
	GlobalSection(ProjectConfigurationPlatforms) = postSolution
		{6D29230E-7542-4D31-991B-FBD93EFC5B1A}.Debug|TwinCAT HMI.ActiveCfg = Debug|TwinCAT HMI
		{6D29230E-7542-4D31-991B-FBD93EFC5B1A}.Debug|TwinCAT HMI.Build.0 = Debug|TwinCAT HMI
		{6D29230E-7542-4D31-991B-FBD93EFC5B1A}.Release|TwinCAT HMI.ActiveCfg = Release|TwinCAT HMI
		{6D29230E-7542-4D31-991B-FBD93EFC5B1A}.Release|TwinCAT HMI.Build.0 = Release|TwinCAT HMI
	EndGlobalSection
	GlobalSection(SolutionProperties) = preSolution
		HideSolutionNode = FALSE
	EndGlobalSection
	GlobalSection(ExtensibilityGlobals) = postSolution
		SolutionGuid = {2F52B5E6-0645-4362-B6FF-E1A43E163CF3}
	EndGlobalSection
EndGlobal
